PODS:
  - app_links (6.4.1):
    - Flutter
  - audio_session (0.0.1):
    - Flutter
  - awesome_notifications (0.10.0):
    - Flutter
    - IosAwnCore (~> 0.10.0)
  - background_fetch (1.5.0):
    - Flutter
    - TSBackgroundFetch (~> 4.0)
  - connectivity_plus (0.0.1):
    - Flutter
  - Crisp (2.8.2):
    - Crisp/Crisp (= 2.8.2)
  - Crisp/Crisp (2.8.2)
  - crisp_chat (2.4.1):
    - Crisp (~> 2.8.2)
    - Flutter
  - device_info_plus (0.0.1):
    - Flutter
  - Flutter (1.0.0)
  - flutter_inappwebview_ios (0.0.1):
    - Flutter
    - flutter_inappwebview_ios/Core (= 0.0.1)
    - OrderedSet (~> 6.0.3)
  - flutter_inappwebview_ios/Core (0.0.1):
    - Flutter
    - OrderedSet (~> 6.0.3)
  - flutter_keyboard_visibility (0.0.1):
    - Flutter
  - flutter_pkid (0.0.1):
    - Flutter
  - idenfy_sdk_flutter (2.6.5):
    - Flutter
    - iDenfySDK/iDenfyLiveness (= 8.6.8)
  - iDenfySDK/iDenfyLiveness (8.6.8):
    - lottie-ios (= 4.5.0)
  - IosAwnCore (0.10.0)
  - just_audio (0.0.1):
    - Flutter
    - FlutterMacOS
  - local_auth_darwin (0.0.1):
    - Flutter
    - FlutterMacOS
  - lottie-ios (4.5.0)
  - mobile_scanner (7.0.0):
    - Flutter
    - FlutterMacOS
  - open_file_ios (0.0.1):
    - Flutter
  - OrderedSet (6.0.3)
  - package_info_plus (0.4.5):
    - Flutter
  - path_provider_foundation (0.0.1):
    - Flutter
    - FlutterMacOS
  - screen_brightness_ios (0.1.0):
    - Flutter
  - shared_preferences_foundation (0.0.1):
    - Flutter
    - FlutterMacOS
  - "sodium_libs (3.4.6+4)":
    - Flutter
    - FlutterMacOS
  - sqflite_darwin (0.0.4):
    - Flutter
    - FlutterMacOS
  - TSBackgroundFetch (4.0.5)
  - url_launcher_ios (0.0.1):
    - Flutter
  - video_player_avfoundation (0.0.1):
    - Flutter
    - FlutterMacOS
  - wakelock_plus (0.0.1):
    - Flutter
  - webview_flutter_wkwebview (0.0.1):
    - Flutter
    - FlutterMacOS

DEPENDENCIES:
  - app_links (from `.symlinks/plugins/app_links/ios`)
  - audio_session (from `.symlinks/plugins/audio_session/ios`)
  - awesome_notifications (from `.symlinks/plugins/awesome_notifications/ios`)
  - background_fetch (from `.symlinks/plugins/background_fetch/ios`)
  - connectivity_plus (from `.symlinks/plugins/connectivity_plus/ios`)
  - crisp_chat (from `.symlinks/plugins/crisp_chat/ios`)
  - device_info_plus (from `.symlinks/plugins/device_info_plus/ios`)
  - Flutter (from `Flutter`)
  - flutter_inappwebview_ios (from `.symlinks/plugins/flutter_inappwebview_ios/ios`)
  - flutter_keyboard_visibility (from `.symlinks/plugins/flutter_keyboard_visibility/ios`)
  - flutter_pkid (from `.symlinks/plugins/flutter_pkid/ios`)
  - idenfy_sdk_flutter (from `.symlinks/plugins/idenfy_sdk_flutter/ios`)
  - just_audio (from `.symlinks/plugins/just_audio/darwin`)
  - local_auth_darwin (from `.symlinks/plugins/local_auth_darwin/darwin`)
  - mobile_scanner (from `.symlinks/plugins/mobile_scanner/darwin`)
  - open_file_ios (from `.symlinks/plugins/open_file_ios/ios`)
  - package_info_plus (from `.symlinks/plugins/package_info_plus/ios`)
  - path_provider_foundation (from `.symlinks/plugins/path_provider_foundation/darwin`)
  - screen_brightness_ios (from `.symlinks/plugins/screen_brightness_ios/ios`)
  - shared_preferences_foundation (from `.symlinks/plugins/shared_preferences_foundation/darwin`)
  - sodium_libs (from `.symlinks/plugins/sodium_libs/darwin`)
  - sqflite_darwin (from `.symlinks/plugins/sqflite_darwin/darwin`)
  - url_launcher_ios (from `.symlinks/plugins/url_launcher_ios/ios`)
  - video_player_avfoundation (from `.symlinks/plugins/video_player_avfoundation/darwin`)
  - wakelock_plus (from `.symlinks/plugins/wakelock_plus/ios`)
  - webview_flutter_wkwebview (from `.symlinks/plugins/webview_flutter_wkwebview/darwin`)

SPEC REPOS:
  trunk:
    - Crisp
    - iDenfySDK
    - IosAwnCore
    - lottie-ios
    - OrderedSet
    - TSBackgroundFetch

EXTERNAL SOURCES:
  app_links:
    :path: ".symlinks/plugins/app_links/ios"
  audio_session:
    :path: ".symlinks/plugins/audio_session/ios"
  awesome_notifications:
    :path: ".symlinks/plugins/awesome_notifications/ios"
  background_fetch:
    :path: ".symlinks/plugins/background_fetch/ios"
  connectivity_plus:
    :path: ".symlinks/plugins/connectivity_plus/ios"
  crisp_chat:
    :path: ".symlinks/plugins/crisp_chat/ios"
  device_info_plus:
    :path: ".symlinks/plugins/device_info_plus/ios"
  Flutter:
    :path: Flutter
  flutter_inappwebview_ios:
    :path: ".symlinks/plugins/flutter_inappwebview_ios/ios"
  flutter_keyboard_visibility:
    :path: ".symlinks/plugins/flutter_keyboard_visibility/ios"
  flutter_pkid:
    :path: ".symlinks/plugins/flutter_pkid/ios"
  idenfy_sdk_flutter:
    :path: ".symlinks/plugins/idenfy_sdk_flutter/ios"
  just_audio:
    :path: ".symlinks/plugins/just_audio/darwin"
  local_auth_darwin:
    :path: ".symlinks/plugins/local_auth_darwin/darwin"
  mobile_scanner:
    :path: ".symlinks/plugins/mobile_scanner/darwin"
  open_file_ios:
    :path: ".symlinks/plugins/open_file_ios/ios"
  package_info_plus:
    :path: ".symlinks/plugins/package_info_plus/ios"
  path_provider_foundation:
    :path: ".symlinks/plugins/path_provider_foundation/darwin"
  screen_brightness_ios:
    :path: ".symlinks/plugins/screen_brightness_ios/ios"
  shared_preferences_foundation:
    :path: ".symlinks/plugins/shared_preferences_foundation/darwin"
  sodium_libs:
    :path: ".symlinks/plugins/sodium_libs/darwin"
  sqflite_darwin:
    :path: ".symlinks/plugins/sqflite_darwin/darwin"
  url_launcher_ios:
    :path: ".symlinks/plugins/url_launcher_ios/ios"
  video_player_avfoundation:
    :path: ".symlinks/plugins/video_player_avfoundation/darwin"
  wakelock_plus:
    :path: ".symlinks/plugins/wakelock_plus/ios"
  webview_flutter_wkwebview:
    :path: ".symlinks/plugins/webview_flutter_wkwebview/darwin"

SPEC CHECKSUMS:
  app_links: 3dbc685f76b1693c66a6d9dd1e9ab6f73d97dc0a
  audio_session: 9bb7f6c970f21241b19f5a3658097ae459681ba0
  awesome_notifications: 0f432b28098d193920b11a44cfa9d2d9313a3888
  background_fetch: 7457cb2c7be3086b37d87207866f30bed2f9fb58
  connectivity_plus: cb623214f4e1f6ef8fe7403d580fdad517d2f7dd
  Crisp: 6747c96b2b2c2a81babf1eaecd1688a65d98edd4
  crisp_chat: 15246d99e1e1551871455ef34493ba0afe0963c8
  device_info_plus: 21fcca2080fbcd348be798aa36c3e5ed849eefbe
  Flutter: cabc95a1d2626b1b06e7179b784ebcf0c0cde467
  flutter_inappwebview_ios: b89ba3482b96fb25e00c967aae065701b66e9b99
  flutter_keyboard_visibility: 4625131e43015dbbe759d9b20daaf77e0e3f6619
  flutter_pkid: 816b9b6b9e0db3bd65fb88a23a6e70e6a3e9473e
  idenfy_sdk_flutter: 446c31efa9ec9be62654bb03304506e76bf3327a
  iDenfySDK: 8424b9e1b0887802d3b5ff8ec85f7f652e02d3df
  IosAwnCore: 653786a911089012092ce831f2945cd339855a89
  just_audio: 4e391f57b79cad2b0674030a00453ca5ce817eed
  local_auth_darwin: c3ee6cce0a8d56be34c8ccb66ba31f7f180aaebb
  lottie-ios: a881093fab623c467d3bce374367755c272bdd59
  mobile_scanner: 9157936403f5a0644ca3779a38ff8404c5434a93
  open_file_ios: 5ff7526df64e4394b4fe207636b67a95e83078bb
  OrderedSet: e539b66b644ff081c73a262d24ad552a69be3a94
  package_info_plus: af8e2ca6888548050f16fa2f1938db7b5a5df499
  path_provider_foundation: bb55f6dbba17d0dccd6737fe6f7f34fbd0376880
  screen_brightness_ios: 9953fd7da5bd480f1a93990daeec2eb42d4f3b52
  shared_preferences_foundation: 7036424c3d8ec98dfe75ff1667cb0cd531ec82bb
  sodium_libs: 650f802d77b08c737ca4fed4ed68e822fa560c5a
  sqflite_darwin: 20b2a3a3b70e43edae938624ce550a3cbf66a3d0
  TSBackgroundFetch: e91020924db32f27d0a43df7dec6f73f10743571
  url_launcher_ios: 7a95fa5b60cc718a708b8f2966718e93db0cef1b
  video_player_avfoundation: dd410b52df6d2466a42d28550e33e4146928280a
  wakelock_plus: e29112ab3ef0b318e58cfa5c32326458be66b556
  webview_flutter_wkwebview: 8ebf4fded22593026f7dbff1fbff31ea98573c8d

PODFILE CHECKSUM: 6b3e92385375361c039b52cc909381145d3e3d57

COCOAPODS: 1.16.2
